
Microsoft Visual Studio Solution File, Format Version 12.00
# Visual Studio Version 17
VisualStudioVersion = 17.3.32929.385
MinimumVisualStudioVersion = 10.0.40219.1
Project("{9A19103F-16F7-4668-BE54-9A1E7A4F7556}") = "TarjetaCPruebaAPI", "TarjetaCPruebaAPI\TarjetaCPruebaAPI.csproj", "{7BF5F4FC-F79E-41D4-A4BB-CE3291B9C9A1}"
EndProject
Project("{9A19103F-16F7-4668-BE54-9A1E7A4F7556}") = "TarjetaCPrueba", "TarjetaCPrueba\TarjetaCPrueba.csproj", "{214B4B8E-3FF2-42A3-B0F8-6AA1A3ECEE1A}"
EndProject
Global
	GlobalSection(SolutionConfigurationPlatforms) = preSolution
		Debug|Any CPU = Debug|Any CPU
		Release|Any CPU = Release|Any CPU
	EndGlobalSection
	GlobalSection(ProjectConfigurationPlatforms) = postSolution
		{7BF5F4FC-F79E-41D4-A4BB-CE3291B9C9A1}.Debug|Any CPU.ActiveCfg = Debug|Any CPU
		{7BF5F4FC-F79E-41D4-A4BB-CE3291B9C9A1}.Debug|Any CPU.Build.0 = Debug|Any CPU
		{7BF5F4FC-F79E-41D4-A4BB-CE3291B9C9A1}.Release|Any CPU.ActiveCfg = Release|Any CPU
		{7BF5F4FC-F79E-41D4-A4BB-CE3291B9C9A1}.Release|Any CPU.Build.0 = Release|Any CPU
		{214B4B8E-3FF2-42A3-B0F8-6AA1A3ECEE1A}.Debug|Any CPU.ActiveCfg = Debug|Any CPU
		{214B4B8E-3FF2-42A3-B0F8-6AA1A3ECEE1A}.Debug|Any CPU.Build.0 = Debug|Any CPU
		{214B4B8E-3FF2-42A3-B0F8-6AA1A3ECEE1A}.Release|Any CPU.ActiveCfg = Release|Any CPU
		{214B4B8E-3FF2-42A3-B0F8-6AA1A3ECEE1A}.Release|Any CPU.Build.0 = Release|Any CPU
	EndGlobalSection
	GlobalSection(SolutionProperties) = preSolution
		HideSolutionNode = FALSE
	EndGlobalSection
	GlobalSection(ExtensibilityGlobals) = postSolution
		SolutionGuid = {56D87858-EF02-48A9-9E7A-4CB8EC67D6AA}
	EndGlobalSection
EndGlobal
